
Microsoft Visual Studio Solution File, Format Version 12.00
# Visual Studio Version 17
VisualStudioVersion = 17.9.34622.214
MinimumVisualStudioVersion = 10.0.40219.1
Project("{FAE04EC0-301F-11D3-BF4B-00C04F79EFBC}") = "lockscreen-recorder", "lockscreen-recorder\lockscreen-recorder.csproj", "{35EF30D1-137F-403B-84F6-84FD9D969BE9}"
EndProject
Global
	GlobalSection(SolutionConfigurationPlatforms) = preSolution
		Debug|Any CPU = Debug|Any CPU
		Release|Any CPU = Release|Any CPU
	EndGlobalSection
	GlobalSection(ProjectConfigurationPlatforms) = postSolution
		{35EF30D1-137F-403B-84F6-84FD9D969BE9}.Debug|Any CPU.ActiveCfg = Debug|Any CPU
		{35EF30D1-137F-403B-84F6-84FD9D969BE9}.Debug|Any CPU.Build.0 = Debug|Any CPU
		{35EF30D1-137F-403B-84F6-84FD9D969BE9}.Release|Any CPU.ActiveCfg = Release|Any CPU
		{35EF30D1-137F-403B-84F6-84FD9D969BE9}.Release|Any CPU.Build.0 = Release|Any CPU
	EndGlobalSection
	GlobalSection(SolutionProperties) = preSolution
		HideSolutionNode = FALSE
	EndGlobalSection
	GlobalSection(ExtensibilityGlobals) = postSolution
		SolutionGuid = {842ABFB3-6BD5-44F0-AF21-D6333EB8D2F9}
	EndGlobalSection
EndGlobal
